
Microsoft Visual Studio Solution File, Format Version 12.00
# Visual Studio Version 17
VisualStudioVersion = 17.7.34024.191
MinimumVisualStudioVersion = 10.0.40219.1
Project("{8BC9CEB8-8B4A-11D0-8D11-00A0C91BC942}") = "fsfilter", "fsfilter.vcxproj", "{57125124-68FA-40AE-B628-5C0B177F602A}"
EndProject
Global
	GlobalSection(SolutionConfigurationPlatforms) = preSolution
		Debug|ARM64 = Debug|ARM64
		Debug|x64 = Debug|x64
		Release|ARM64 = Release|ARM64
		Release|x64 = Release|x64
	EndGlobalSection
	GlobalSection(ProjectConfigurationPlatforms) = postSolution
		{57125124-68FA-40AE-B628-5C0B177F602A}.Debug|ARM64.ActiveCfg = Debug|ARM64
		{57125124-68FA-40AE-B628-5C0B177F602A}.Debug|ARM64.Build.0 = Debug|ARM64
		{57125124-68FA-40AE-B628-5C0B177F602A}.Debug|ARM64.Deploy.0 = Debug|ARM64
		{57125124-68FA-40AE-B628-5C0B177F602A}.Debug|x64.ActiveCfg = Debug|x64
		{57125124-68FA-40AE-B628-5C0B177F602A}.Debug|x64.Build.0 = Debug|x64
		{57125124-68FA-40AE-B628-5C0B177F602A}.Debug|x64.Deploy.0 = Debug|x64
		{57125124-68FA-40AE-B628-5C0B177F602A}.Release|ARM64.ActiveCfg = Release|ARM64
		{57125124-68FA-40AE-B628-5C0B177F602A}.Release|ARM64.Build.0 = Release|ARM64
		{57125124-68FA-40AE-B628-5C0B177F602A}.Release|ARM64.Deploy.0 = Release|ARM64
		{57125124-68FA-40AE-B628-5C0B177F602A}.Release|x64.ActiveCfg = Release|x64
		{57125124-68FA-40AE-B628-5C0B177F602A}.Release|x64.Build.0 = Release|x64
		{57125124-68FA-40AE-B628-5C0B177F602A}.Release|x64.Deploy.0 = Release|x64
	EndGlobalSection
	GlobalSection(SolutionProperties) = preSolution
		HideSolutionNode = FALSE
	EndGlobalSection
	GlobalSection(ExtensibilityGlobals) = postSolution
		SolutionGuid = {94B3A2A4-9041-4DFC-AC2A-C5A71B1D9596}
	EndGlobalSection
EndGlobal
